// !$*UTF8*$!
{
	archiveVersion = 1;
	classes = {
	};
	objectVersion = 50;
	objects = {

/* Begin PBXBuildFile section */
		844D15E924328F5B0094175C /* VideoGenerator.swift in Sources */ = {isa = PBXBuildFile; fileRef = 844D15E824328F5B0094175C /* VideoGenerator.swift */; };
		844D15EB243291AB0094175C /* AVFileType+Extensions.swift in Sources */ = {isa = PBXBuildFile; fileRef = 844D15EA243291AB0094175C /* AVFileType+Extensions.swift */; };
		844D15ED243990FF0094175C /* LibraryView.swift in Sources */ = {isa = PBXBuildFile; fileRef = 844D15EC243990FF0094175C /* LibraryView.swift */; };
		844D15EF2439AAFC0094175C /* LIbraryViewController+PHPhotoLibraryChangeObserver.swift in Sources */ = {isa = PBXBuildFile; fileRef = 844D15EE2439AAFC0094175C /* LIbraryViewController+PHPhotoLibraryChangeObserver.swift */; };
		844D15F12439C1200094175C /* LibraryMediaManager.swift in Sources */ = {isa = PBXBuildFile; fileRef = 844D15F02439C1200094175C /* LibraryMediaManager.swift */; };
		844D15F3243AEBCE0094175C /* AssetZoomableView.swift in Sources */ = {isa = PBXBuildFile; fileRef = 844D15F2243AEBCE0094175C /* AssetZoomableView.swift */; };
		844D15F5243AEE4D0094175C /* Date+Extensions.swift in Sources */ = {isa = PBXBuildFile; fileRef = 844D15F4243AEE4D0094175C /* Date+Extensions.swift */; };
		844D15F7243B05230094175C /* GridView.swift in Sources */ = {isa = PBXBuildFile; fileRef = 844D15F6243B05230094175C /* GridView.swift */; };
		844D15F9243B08460094175C /* LibraryViewController+UICollectionView.swift in Sources */ = {isa = PBXBuildFile; fileRef = 844D15F8243B08460094175C /* LibraryViewController+UICollectionView.swift */; };
		844D15FB243B0C5E0094175C /* LibraryViewCell.swift in Sources */ = {isa = PBXBuildFile; fileRef = 844D15FA243B0C5E0094175C /* LibraryViewCell.swift */; };
		844D15FD243B0D7C0094175C /* MultipleSelectionIndicator.swift in Sources */ = {isa = PBXBuildFile; fileRef = 844D15FC243B0D7C0094175C /* MultipleSelectionIndicator.swift */; };
		844D15FF243B142B0094175C /* LibrarySelection.swift in Sources */ = {isa = PBXBuildFile; fileRef = 844D15FE243B142B0094175C /* LibrarySelection.swift */; };
		844D1601243B1C450094175C /* PHCachingImageManager+Extensions.swift in Sources */ = {isa = PBXBuildFile; fileRef = 844D1600243B1C450094175C /* PHCachingImageManager+Extensions.swift */; };
		844D1603243B1CAE0094175C /* VideoView.swift in Sources */ = {isa = PBXBuildFile; fileRef = 844D1602243B1CAE0094175C /* VideoView.swift */; };
		844D1605243B2E290094175C /* MediaItem.swift in Sources */ = {isa = PBXBuildFile; fileRef = 844D1604243B2E290094175C /* MediaItem.swift */; };
		846F3445242A100F0071E35D /* MenuItem.swift in Sources */ = {isa = PBXBuildFile; fileRef = 846F3444242A100F0071E35D /* MenuItem.swift */; };
		846F3449242B088F0071E35D /* RootViewController.swift in Sources */ = {isa = PBXBuildFile; fileRef = 846F3448242B088F0071E35D /* RootViewController.swift */; };
		846F3450242B100B0071E35D /* LibraryViewController.swift in Sources */ = {isa = PBXBuildFile; fileRef = 846F344F242B100B0071E35D /* LibraryViewController.swift */; };
		846F3452242B10250071E35D /* CameraViewController.swift in Sources */ = {isa = PBXBuildFile; fileRef = 846F3451242B10250071E35D /* CameraViewController.swift */; };
		846F3455242B103E0071E35D /* VideoViewController.swift in Sources */ = {isa = PBXBuildFile; fileRef = 846F3454242B103E0071E35D /* VideoViewController.swift */; };
		846F3457242B13650071E35D /* UIButton+Extensions.swift in Sources */ = {isa = PBXBuildFile; fileRef = 846F3456242B13650071E35D /* UIButton+Extensions.swift */; };
		846F345B242B1B140071E35D /* AlbumsViewController.swift in Sources */ = {isa = PBXBuildFile; fileRef = 846F345A242B1B140071E35D /* AlbumsViewController.swift */; };
		846F345D242B1B5B0071E35D /* AlbumsView.swift in Sources */ = {isa = PBXBuildFile; fileRef = 846F345C242B1B5B0071E35D /* AlbumsView.swift */; };
		846F345F242B1EBC0071E35D /* AlbumCell.swift in Sources */ = {isa = PBXBuildFile; fileRef = 846F345E242B1EBC0071E35D /* AlbumCell.swift */; };
		846F3463242B207F0071E35D /* Album.swift in Sources */ = {isa = PBXBuildFile; fileRef = 846F3460242B202D0071E35D /* Album.swift */; };
		846F3465242B22DC0071E35D /* AlbumsManager.swift in Sources */ = {isa = PBXBuildFile; fileRef = 846F3464242B22DC0071E35D /* AlbumsManager.swift */; };
		846F3467242B37A20071E35D /* CameraView.swift in Sources */ = {isa = PBXBuildFile; fileRef = 846F3466242B37A20071E35D /* CameraView.swift */; };
		846F3469242B3FAB0071E35D /* PhotoCaptureManager.swift in Sources */ = {isa = PBXBuildFile; fileRef = 846F3468242B3FAB0071E35D /* PhotoCaptureManager.swift */; };
		846F346D242B42EE0071E35D /* AVFoundation+Extensions.swift in Sources */ = {isa = PBXBuildFile; fileRef = 846F346C242B42EE0071E35D /* AVFoundation+Extensions.swift */; };
		846F346F242B43380071E35D /* FlashMode+Extensions.swift in Sources */ = {isa = PBXBuildFile; fileRef = 846F346E242B43380071E35D /* FlashMode+Extensions.swift */; };
		846F3473242C09150071E35D /* UIColor+Extensions.swift in Sources */ = {isa = PBXBuildFile; fileRef = 846F3472242C09150071E35D /* UIColor+Extensions.swift */; };
		846F3477242C167E0071E35D /* PermissionCheckable.swift in Sources */ = {isa = PBXBuildFile; fileRef = 846F3476242C167E0071E35D /* PermissionCheckable.swift */; };
		846F3479242CAA4D0071E35D /* VideoCaptureManager.swift in Sources */ = {isa = PBXBuildFile; fileRef = 846F3478242CAA4D0071E35D /* VideoCaptureManager.swift */; };
		84E9A7562429FC5000003BF1 /* AppDelegate.swift in Sources */ = {isa = PBXBuildFile; fileRef = 84E9A7552429FC5000003BF1 /* AppDelegate.swift */; };
		84E9A7582429FC5000003BF1 /* SceneDelegate.swift in Sources */ = {isa = PBXBuildFile; fileRef = 84E9A7572429FC5000003BF1 /* SceneDelegate.swift */; };
		84E9A75D2429FC5000003BF1 /* Main.storyboard in Resources */ = {isa = PBXBuildFile; fileRef = 84E9A75B2429FC5000003BF1 /* Main.storyboard */; };
		84E9A75F2429FC5200003BF1 /* Assets.xcassets in Resources */ = {isa = PBXBuildFile; fileRef = 84E9A75E2429FC5200003BF1 /* Assets.xcassets */; };
		84E9A7622429FC5200003BF1 /* LaunchScreen.storyboard in Resources */ = {isa = PBXBuildFile; fileRef = 84E9A7602429FC5200003BF1 /* LaunchScreen.storyboard */; };
		84E9A76D2429FC5200003BF1 /* InstagramImagePickerTests.swift in Sources */ = {isa = PBXBuildFile; fileRef = 84E9A76C2429FC5200003BF1 /* InstagramImagePickerTests.swift */; };
		84E9A7782429FC5200003BF1 /* InstagramImagePickerUITests.swift in Sources */ = {isa = PBXBuildFile; fileRef = 84E9A7772429FC5200003BF1 /* InstagramImagePickerUITests.swift */; };
		84E9A7882429FE7300003BF1 /* InstagramImagePickerConfiguration.swift in Sources */ = {isa = PBXBuildFile; fileRef = 84E9A7872429FE7300003BF1 /* InstagramImagePickerConfiguration.swift */; };
		84E9A78A242A017300003BF1 /* BottomNavigation.swift in Sources */ = {isa = PBXBuildFile; fileRef = 84E9A789242A017300003BF1 /* BottomNavigation.swift */; };
		84E9A78C242A01AD00003BF1 /* BottomNavigationView.swift in Sources */ = {isa = PBXBuildFile; fileRef = 84E9A78B242A01AD00003BF1 /* BottomNavigationView.swift */; };
		84E9A78F242A038500003BF1 /* UIView+Extensions.swift in Sources */ = {isa = PBXBuildFile; fileRef = 84E9A78E242A038500003BF1 /* UIView+Extensions.swift */; };
		84E9A791242A040600003BF1 /* BottomNavigationMenu.swift in Sources */ = {isa = PBXBuildFile; fileRef = 84E9A790242A040600003BF1 /* BottomNavigationMenu.swift */; };
		84E9A794242A04BC00003BF1 /* InstagramImagePickerViewController.swift in Sources */ = {isa = PBXBuildFile; fileRef = 84E9A793242A04BB00003BF1 /* InstagramImagePickerViewController.swift */; };
		84E9A796242A0AC400003BF1 /* PickerScreen.swift in Sources */ = {isa = PBXBuildFile; fileRef = 84E9A795242A0AC400003BF1 /* PickerScreen.swift */; };
/* End PBXBuildFile section */

/* Begin PBXContainerItemProxy section */
		84E9A7692429FC5200003BF1 /* PBXContainerItemProxy */ = {
			isa = PBXContainerItemProxy;
			containerPortal = 84E9A74A2429FC5000003BF1 /* Project object */;
			proxyType = 1;
			remoteGlobalIDString = 84E9A7512429FC5000003BF1;
			remoteInfo = InstagramImagePicker;
		};
		84E9A7742429FC5200003BF1 /* PBXContainerItemProxy */ = {
			isa = PBXContainerItemProxy;
			containerPortal = 84E9A74A2429FC5000003BF1 /* Project object */;
			proxyType = 1;
			remoteGlobalIDString = 84E9A7512429FC5000003BF1;
			remoteInfo = InstagramImagePicker;
		};
/* End PBXContainerItemProxy section */

/* Begin PBXFileReference section */
		844D15E824328F5B0094175C /* VideoGenerator.swift */ = {isa = PBXFileReference; lastKnownFileType = sourcecode.swift; path = VideoGenerator.swift; sourceTree = "<group>"; };
		844D15EA243291AB0094175C /* AVFileType+Extensions.swift */ = {isa = PBXFileReference; lastKnownFileType = sourcecode.swift; path = "AVFileType+Extensions.swift"; sourceTree = "<group>"; };
		844D15EC243990FF0094175C /* LibraryView.swift */ = {isa = PBXFileReference; lastKnownFileType = sourcecode.swift; path = LibraryView.swift; sourceTree = "<group>"; };
		844D15EE2439AAFC0094175C /* LIbraryViewController+PHPhotoLibraryChangeObserver.swift */ = {isa = PBXFileReference; lastKnownFileType = sourcecode.swift; path = "LIbraryViewController+PHPhotoLibraryChangeObserver.swift"; sourceTree = "<group>"; };
		844D15F02439C1200094175C /* LibraryMediaManager.swift */ = {isa = PBXFileReference; lastKnownFileType = sourcecode.swift; path = LibraryMediaManager.swift; sourceTree = "<group>"; };
		844D15F2243AEBCE0094175C /* AssetZoomableView.swift */ = {isa = PBXFileReference; lastKnownFileType = sourcecode.swift; path = AssetZoomableView.swift; sourceTree = "<group>"; };
		844D15F4243AEE4D0094175C /* Date+Extensions.swift */ = {isa = PBXFileReference; lastKnownFileType = sourcecode.swift; path = "Date+Extensions.swift"; sourceTree = "<group>"; };
		844D15F6243B05230094175C /* GridView.swift */ = {isa = PBXFileReference; lastKnownFileType = sourcecode.swift; path = GridView.swift; sourceTree = "<group>"; };
		844D15F8243B08460094175C /* LibraryViewController+UICollectionView.swift */ = {isa = PBXFileReference; lastKnownFileType = sourcecode.swift; path = "LibraryViewController+UICollectionView.swift"; sourceTree = "<group>"; };
		844D15FA243B0C5E0094175C /* LibraryViewCell.swift */ = {isa = PBXFileReference; lastKnownFileType = sourcecode.swift; path = LibraryViewCell.swift; sourceTree = "<group>"; };
		844D15FC243B0D7C0094175C /* MultipleSelectionIndicator.swift */ = {isa = PBXFileReference; lastKnownFileType = sourcecode.swift; path = MultipleSelectionIndicator.swift; sourceTree = "<group>"; };
		844D15FE243B142B0094175C /* LibrarySelection.swift */ = {isa = PBXFileReference; lastKnownFileType = sourcecode.swift; path = LibrarySelection.swift; sourceTree = "<group>"; };
		844D1600243B1C450094175C /* PHCachingImageManager+Extensions.swift */ = {isa = PBXFileReference; lastKnownFileType = sourcecode.swift; path = "PHCachingImageManager+Extensions.swift"; sourceTree = "<group>"; };
		844D1602243B1CAE0094175C /* VideoView.swift */ = {isa = PBXFileReference; lastKnownFileType = sourcecode.swift; path = VideoView.swift; sourceTree = "<group>"; };
		844D1604243B2E290094175C /* MediaItem.swift */ = {isa = PBXFileReference; lastKnownFileType = sourcecode.swift; path = MediaItem.swift; sourceTree = "<group>"; };
		846F3444242A100F0071E35D /* MenuItem.swift */ = {isa = PBXFileReference; lastKnownFileType = sourcecode.swift; path = MenuItem.swift; sourceTree = "<group>"; };
		846F3448242B088F0071E35D /* RootViewController.swift */ = {isa = PBXFileReference; lastKnownFileType = sourcecode.swift; path = RootViewController.swift; sourceTree = "<group>"; };
		846F344F242B100B0071E35D /* LibraryViewController.swift */ = {isa = PBXFileReference; lastKnownFileType = sourcecode.swift; path = LibraryViewController.swift; sourceTree = "<group>"; };
		846F3451242B10250071E35D /* CameraViewController.swift */ = {isa = PBXFileReference; lastKnownFileType = sourcecode.swift; path = CameraViewController.swift; sourceTree = "<group>"; };
		846F3454242B103E0071E35D /* VideoViewController.swift */ = {isa = PBXFileReference; lastKnownFileType = sourcecode.swift; path = VideoViewController.swift; sourceTree = "<group>"; };
		846F3456242B13650071E35D /* UIButton+Extensions.swift */ = {isa = PBXFileReference; lastKnownFileType = sourcecode.swift; path = "UIButton+Extensions.swift"; sourceTree = "<group>"; };
		846F345A242B1B140071E35D /* AlbumsViewController.swift */ = {isa = PBXFileReference; lastKnownFileType = sourcecode.swift; path = AlbumsViewController.swift; sourceTree = "<group>"; };
		846F345C242B1B5B0071E35D /* AlbumsView.swift */ = {isa = PBXFileReference; lastKnownFileType = sourcecode.swift; path = AlbumsView.swift; sourceTree = "<group>"; };
		846F345E242B1EBC0071E35D /* AlbumCell.swift */ = {isa = PBXFileReference; lastKnownFileType = sourcecode.swift; path = AlbumCell.swift; sourceTree = "<group>"; };
		846F3460242B202D0071E35D /* Album.swift */ = {isa = PBXFileReference; lastKnownFileType = sourcecode.swift; path = Album.swift; sourceTree = "<group>"; };
		846F3464242B22DC0071E35D /* AlbumsManager.swift */ = {isa = PBXFileReference; lastKnownFileType = sourcecode.swift; path = AlbumsManager.swift; sourceTree = "<group>"; };
		846F3466242B37A20071E35D /* CameraView.swift */ = {isa = PBXFileReference; lastKnownFileType = sourcecode.swift; path = CameraView.swift; sourceTree = "<group>"; };
		846F3468242B3FAB0071E35D /* PhotoCaptureManager.swift */ = {isa = PBXFileReference; lastKnownFileType = sourcecode.swift; path = PhotoCaptureManager.swift; sourceTree = "<group>"; };
		846F346C242B42EE0071E35D /* AVFoundation+Extensions.swift */ = {isa = PBXFileReference; lastKnownFileType = sourcecode.swift; path = "AVFoundation+Extensions.swift"; sourceTree = "<group>"; };
		846F346E242B43380071E35D /* FlashMode+Extensions.swift */ = {isa = PBXFileReference; lastKnownFileType = sourcecode.swift; path = "FlashMode+Extensions.swift"; sourceTree = "<group>"; };
		846F3472242C09150071E35D /* UIColor+Extensions.swift */ = {isa = PBXFileReference; lastKnownFileType = sourcecode.swift; path = "UIColor+Extensions.swift"; sourceTree = "<group>"; };
		846F3476242C167E0071E35D /* PermissionCheckable.swift */ = {isa = PBXFileReference; lastKnownFileType = sourcecode.swift; path = PermissionCheckable.swift; sourceTree = "<group>"; };
		846F3478242CAA4D0071E35D /* VideoCaptureManager.swift */ = {isa = PBXFileReference; lastKnownFileType = sourcecode.swift; path = VideoCaptureManager.swift; sourceTree = "<group>"; };
		84E9A7522429FC5000003BF1 /* InstagramImagePicker.app */ = {isa = PBXFileReference; explicitFileType = wrapper.application; includeInIndex = 0; path = InstagramImagePicker.app; sourceTree = BUILT_PRODUCTS_DIR; };
		84E9A7552429FC5000003BF1 /* AppDelegate.swift */ = {isa = PBXFileReference; lastKnownFileType = sourcecode.swift; path = AppDelegate.swift; sourceTree = "<group>"; };
		84E9A7572429FC5000003BF1 /* SceneDelegate.swift */ = {isa = PBXFileReference; lastKnownFileType = sourcecode.swift; path = SceneDelegate.swift; sourceTree = "<group>"; };
		84E9A75C2429FC5000003BF1 /* Base */ = {isa = PBXFileReference; lastKnownFileType = file.storyboard; name = Base; path = Base.lproj/Main.storyboard; sourceTree = "<group>"; };
		84E9A75E2429FC5200003BF1 /* Assets.xcassets */ = {isa = PBXFileReference; lastKnownFileType = folder.assetcatalog; path = Assets.xcassets; sourceTree = "<group>"; };
		84E9A7612429FC5200003BF1 /* Base */ = {isa = PBXFileReference; lastKnownFileType = file.storyboard; name = Base; path = Base.lproj/LaunchScreen.storyboard; sourceTree = "<group>"; };
		84E9A7632429FC5200003BF1 /* Info.plist */ = {isa = PBXFileReference; lastKnownFileType = text.plist.xml; path = Info.plist; sourceTree = "<group>"; };
		84E9A7682429FC5200003BF1 /* InstagramImagePickerTests.xctest */ = {isa = PBXFileReference; explicitFileType = wrapper.cfbundle; includeInIndex = 0; path = InstagramImagePickerTests.xctest; sourceTree = BUILT_PRODUCTS_DIR; };
		84E9A76C2429FC5200003BF1 /* InstagramImagePickerTests.swift */ = {isa = PBXFileReference; lastKnownFileType = sourcecode.swift; path = InstagramImagePickerTests.swift; sourceTree = "<group>"; };
		84E9A76E2429FC5200003BF1 /* Info.plist */ = {isa = PBXFileReference; lastKnownFileType = text.plist.xml; path = Info.plist; sourceTree = "<group>"; };
		84E9A7732429FC5200003BF1 /* InstagramImagePickerUITests.xctest */ = {isa = PBXFileReference; explicitFileType = wrapper.cfbundle; includeInIndex = 0; path = InstagramImagePickerUITests.xctest; sourceTree = BUILT_PRODUCTS_DIR; };
		84E9A7772429FC5200003BF1 /* InstagramImagePickerUITests.swift */ = {isa = PBXFileReference; lastKnownFileType = sourcecode.swift; path = InstagramImagePickerUITests.swift; sourceTree = "<group>"; };
		84E9A7792429FC5200003BF1 /* Info.plist */ = {isa = PBXFileReference; lastKnownFileType = text.plist.xml; path = Info.plist; sourceTree = "<group>"; };
		84E9A7872429FE7300003BF1 /* InstagramImagePickerConfiguration.swift */ = {isa = PBXFileReference; lastKnownFileType = sourcecode.swift; path = InstagramImagePickerConfiguration.swift; sourceTree = "<group>"; };
		84E9A789242A017300003BF1 /* BottomNavigation.swift */ = {isa = PBXFileReference; lastKnownFileType = sourcecode.swift; path = BottomNavigation.swift; sourceTree = "<group>"; };
		84E9A78B242A01AD00003BF1 /* BottomNavigationView.swift */ = {isa = PBXFileReference; lastKnownFileType = sourcecode.swift; path = BottomNavigationView.swift; sourceTree = "<group>"; };
		84E9A78E242A038500003BF1 /* UIView+Extensions.swift */ = {isa = PBXFileReference; lastKnownFileType = sourcecode.swift; path = "UIView+Extensions.swift"; sourceTree = "<group>"; };
		84E9A790242A040600003BF1 /* BottomNavigationMenu.swift */ = {isa = PBXFileReference; lastKnownFileType = sourcecode.swift; path = BottomNavigationMenu.swift; sourceTree = "<group>"; };
		84E9A793242A04BB00003BF1 /* InstagramImagePickerViewController.swift */ = {isa = PBXFileReference; lastKnownFileType = sourcecode.swift; path = InstagramImagePickerViewController.swift; sourceTree = "<group>"; };
		84E9A795242A0AC400003BF1 /* PickerScreen.swift */ = {isa = PBXFileReference; lastKnownFileType = sourcecode.swift; path = PickerScreen.swift; sourceTree = "<group>"; };
/* End PBXFileReference section */

/* Begin PBXFrameworksBuildPhase section */
		84E9A74F2429FC5000003BF1 /* Frameworks */ = {
			isa = PBXFrameworksBuildPhase;
			buildActionMask = 2147483647;
			files = (
			);
			runOnlyForDeploymentPostprocessing = 0;
		};
		84E9A7652429FC5200003BF1 /* Frameworks */ = {
			isa = PBXFrameworksBuildPhase;
			buildActionMask = 2147483647;
			files = (
			);
			runOnlyForDeploymentPostprocessing = 0;
		};
		84E9A7702429FC5200003BF1 /* Frameworks */ = {
			isa = PBXFrameworksBuildPhase;
			buildActionMask = 2147483647;
			files = (
			);
			runOnlyForDeploymentPostprocessing = 0;
		};
/* End PBXFrameworksBuildPhase section */

/* Begin PBXGroup section */
		846F344C242B0FD60071E35D /* Library */ = {
			isa = PBXGroup;
			children = (
				844D15F02439C1200094175C /* LibraryMediaManager.swift */,
				846F344F242B100B0071E35D /* LibraryViewController.swift */,
				844D15F8243B08460094175C /* LibraryViewController+UICollectionView.swift */,
				844D15EE2439AAFC0094175C /* LIbraryViewController+PHPhotoLibraryChangeObserver.swift */,
				844D15EC243990FF0094175C /* LibraryView.swift */,
				844D15F2243AEBCE0094175C /* AssetZoomableView.swift */,
				844D15F6243B05230094175C /* GridView.swift */,
				844D15FA243B0C5E0094175C /* LibraryViewCell.swift */,
				844D15FC243B0D7C0094175C /* MultipleSelectionIndicator.swift */,
				844D1602243B1CAE0094175C /* VideoView.swift */,
			);
			path = Library;
			sourceTree = "<group>";
		};
		846F344D242B0FE60071E35D /* Photo */ = {
			isa = PBXGroup;
			children = (
				846F3451242B10250071E35D /* CameraViewController.swift */,
				846F3466242B37A20071E35D /* CameraView.swift */,
				846F3468242B3FAB0071E35D /* PhotoCaptureManager.swift */,
			);
			path = Photo;
			sourceTree = "<group>";
		};
		846F344E242B0FF00071E35D /* Video */ = {
			isa = PBXGroup;
			children = (
				846F3454242B103E0071E35D /* VideoViewController.swift */,
				844D15E824328F5B0094175C /* VideoGenerator.swift */,
				846F3478242CAA4D0071E35D /* VideoCaptureManager.swift */,
			);
			path = Video;
			sourceTree = "<group>";
		};
		846F3459242B1B030071E35D /* Album */ = {
			isa = PBXGroup;
			children = (
				846F345A242B1B140071E35D /* AlbumsViewController.swift */,
				846F345C242B1B5B0071E35D /* AlbumsView.swift */,
				846F345E242B1EBC0071E35D /* AlbumCell.swift */,
				846F3464242B22DC0071E35D /* AlbumsManager.swift */,
			);
			path = Album;
			sourceTree = "<group>";
		};
		846F3462242B20300071E35D /* Model */ = {
			isa = PBXGroup;
			children = (
				846F3460242B202D0071E35D /* Album.swift */,
				844D1604243B2E290094175C /* MediaItem.swift */,
				844D15FE243B142B0094175C /* LibrarySelection.swift */,
			);
			path = Model;
			sourceTree = "<group>";
		};
		846F3474242C16360071E35D /* Utils */ = {
			isa = PBXGroup;
			children = (
				84E9A78D242A035700003BF1 /* Extensions */,
				846F3475242C165F0071E35D /* Camera */,
			);
			path = Utils;
			sourceTree = "<group>";
		};
		846F3475242C165F0071E35D /* Camera */ = {
			isa = PBXGroup;
			children = (
				846F3476242C167E0071E35D /* PermissionCheckable.swift */,
			);
			path = Camera;
			sourceTree = "<group>";
		};
		84E9A7492429FC5000003BF1 = {
			isa = PBXGroup;
			children = (
				84E9A7542429FC5000003BF1 /* InstagramImagePicker */,
				84E9A76B2429FC5200003BF1 /* InstagramImagePickerTests */,
				84E9A7762429FC5200003BF1 /* InstagramImagePickerUITests */,
				84E9A7532429FC5000003BF1 /* Products */,
			);
			sourceTree = "<group>";
		};
		84E9A7532429FC5000003BF1 /* Products */ = {
			isa = PBXGroup;
			children = (
				84E9A7522429FC5000003BF1 /* InstagramImagePicker.app */,
				84E9A7682429FC5200003BF1 /* InstagramImagePickerTests.xctest */,
				84E9A7732429FC5200003BF1 /* InstagramImagePickerUITests.xctest */,
			);
			name = Products;
			sourceTree = "<group>";
		};
		84E9A7542429FC5000003BF1 /* InstagramImagePicker */ = {
			isa = PBXGroup;
			children = (
				84E9A7552429FC5000003BF1 /* AppDelegate.swift */,
				84E9A7572429FC5000003BF1 /* SceneDelegate.swift */,
				846F3448242B088F0071E35D /* RootViewController.swift */,
				84E9A793242A04BB00003BF1 /* InstagramImagePickerViewController.swift */,
				846F3474242C16360071E35D /* Utils */,
				84E9A7862429FE5F00003BF1 /* Configuration */,
				846F3462242B20300071E35D /* Model */,
				84E9A7852429FDC800003BF1 /* BottomNavigation */,
				846F3459242B1B030071E35D /* Album */,
				846F344C242B0FD60071E35D /* Library */,
				846F344D242B0FE60071E35D /* Photo */,
				846F344E242B0FF00071E35D /* Video */,
				84E9A75B2429FC5000003BF1 /* Main.storyboard */,
				84E9A75E2429FC5200003BF1 /* Assets.xcassets */,
				84E9A7602429FC5200003BF1 /* LaunchScreen.storyboard */,
				84E9A7632429FC5200003BF1 /* Info.plist */,
			);
			path = InstagramImagePicker;
			sourceTree = "<group>";
		};
		84E9A76B2429FC5200003BF1 /* InstagramImagePickerTests */ = {
			isa = PBXGroup;
			children = (
				84E9A76C2429FC5200003BF1 /* InstagramImagePickerTests.swift */,
				84E9A76E2429FC5200003BF1 /* Info.plist */,
			);
			path = InstagramImagePickerTests;
			sourceTree = "<group>";
		};
		84E9A7762429FC5200003BF1 /* InstagramImagePickerUITests */ = {
			isa = PBXGroup;
			children = (
				84E9A7772429FC5200003BF1 /* InstagramImagePickerUITests.swift */,
				84E9A7792429FC5200003BF1 /* Info.plist */,
			);
			path = InstagramImagePickerUITests;
			sourceTree = "<group>";
		};
		84E9A7852429FDC800003BF1 /* BottomNavigation */ = {
			isa = PBXGroup;
			children = (
				84E9A789242A017300003BF1 /* BottomNavigation.swift */,
				84E9A78B242A01AD00003BF1 /* BottomNavigationView.swift */,
				84E9A790242A040600003BF1 /* BottomNavigationMenu.swift */,
				846F3444242A100F0071E35D /* MenuItem.swift */,
			);
			path = BottomNavigation;
			sourceTree = "<group>";
		};
		84E9A7862429FE5F00003BF1 /* Configuration */ = {
			isa = PBXGroup;
			children = (
				84E9A7872429FE7300003BF1 /* InstagramImagePickerConfiguration.swift */,
				84E9A795242A0AC400003BF1 /* PickerScreen.swift */,
			);
			path = Configuration;
			sourceTree = "<group>";
		};
		84E9A78D242A035700003BF1 /* Extensions */ = {
			isa = PBXGroup;
			children = (
				84E9A78E242A038500003BF1 /* UIView+Extensions.swift */,
				846F3472242C09150071E35D /* UIColor+Extensions.swift */,
				846F3456242B13650071E35D /* UIButton+Extensions.swift */,
				846F346C242B42EE0071E35D /* AVFoundation+Extensions.swift */,
				844D15EA243291AB0094175C /* AVFileType+Extensions.swift */,
				846F346E242B43380071E35D /* FlashMode+Extensions.swift */,
				844D15F4243AEE4D0094175C /* Date+Extensions.swift */,
				844D1600243B1C450094175C /* PHCachingImageManager+Extensions.swift */,
			);
			path = Extensions;
			sourceTree = "<group>";
		};
/* End PBXGroup section */

/* Begin PBXNativeTarget section */
		84E9A7512429FC5000003BF1 /* InstagramImagePicker */ = {
			isa = PBXNativeTarget;
			buildConfigurationList = 84E9A77C2429FC5200003BF1 /* Build configuration list for PBXNativeTarget "InstagramImagePicker" */;
			buildPhases = (
				84E9A74E2429FC5000003BF1 /* Sources */,
				84E9A74F2429FC5000003BF1 /* Frameworks */,
				84E9A7502429FC5000003BF1 /* Resources */,
			);
			buildRules = (
			);
			dependencies = (
			);
			name = InstagramImagePicker;
			productName = InstagramImagePicker;
			productReference = 84E9A7522429FC5000003BF1 /* InstagramImagePicker.app */;
			productType = "com.apple.product-type.application";
		};
		84E9A7672429FC5200003BF1 /* InstagramImagePickerTests */ = {
			isa = PBXNativeTarget;
			buildConfigurationList = 84E9A77F2429FC5200003BF1 /* Build configuration list for PBXNativeTarget "InstagramImagePickerTests" */;
			buildPhases = (
				84E9A7642429FC5200003BF1 /* Sources */,
				84E9A7652429FC5200003BF1 /* Frameworks */,
				84E9A7662429FC5200003BF1 /* Resources */,
			);
			buildRules = (
			);
			dependencies = (
				84E9A76A2429FC5200003BF1 /* PBXTargetDependency */,
			);
			name = InstagramImagePickerTests;
			productName = InstagramImagePickerTests;
			productReference = 84E9A7682429FC5200003BF1 /* InstagramImagePickerTests.xctest */;
			productType = "com.apple.product-type.bundle.unit-test";
		};
		84E9A7722429FC5200003BF1 /* InstagramImagePickerUITests */ = {
			isa = PBXNativeTarget;
			buildConfigurationList = 84E9A7822429FC5200003BF1 /* Build configuration list for PBXNativeTarget "InstagramImagePickerUITests" */;
			buildPhases = (
				84E9A76F2429FC5200003BF1 /* Sources */,
				84E9A7702429FC5200003BF1 /* Frameworks */,
				84E9A7712429FC5200003BF1 /* Resources */,
			);
			buildRules = (
			);
			dependencies = (
				84E9A7752429FC5200003BF1 /* PBXTargetDependency */,
			);
			name = InstagramImagePickerUITests;
			productName = InstagramImagePickerUITests;
			productReference = 84E9A7732429FC5200003BF1 /* InstagramImagePickerUITests.xctest */;
			productType = "com.apple.product-type.bundle.ui-testing";
		};
/* End PBXNativeTarget section */

/* Begin PBXProject section */
		84E9A74A2429FC5000003BF1 /* Project object */ = {
			isa = PBXProject;
			attributes = {
				LastSwiftUpdateCheck = 1130;
				LastUpgradeCheck = 1130;
				ORGANIZATIONNAME = admin;
				TargetAttributes = {
					84E9A7512429FC5000003BF1 = {
						CreatedOnToolsVersion = 11.3.1;
					};
					84E9A7672429FC5200003BF1 = {
						CreatedOnToolsVersion = 11.3.1;
						TestTargetID = 84E9A7512429FC5000003BF1;
					};
					84E9A7722429FC5200003BF1 = {
						CreatedOnToolsVersion = 11.3.1;
						TestTargetID = 84E9A7512429FC5000003BF1;
					};
				};
			};
			buildConfigurationList = 84E9A74D2429FC5000003BF1 /* Build configuration list for PBXProject "InstagramImagePicker" */;
			compatibilityVersion = "Xcode 9.3";
			developmentRegion = en;
			hasScannedForEncodings = 0;
			knownRegions = (
				en,
				Base,
			);
			mainGroup = 84E9A7492429FC5000003BF1;
			productRefGroup = 84E9A7532429FC5000003BF1 /* Products */;
			projectDirPath = "";
			projectRoot = "";
			targets = (
				84E9A7512429FC5000003BF1 /* InstagramImagePicker */,
				84E9A7672429FC5200003BF1 /* InstagramImagePickerTests */,
				84E9A7722429FC5200003BF1 /* InstagramImagePickerUITests */,
			);
		};
/* End PBXProject section */

/* Begin PBXResourcesBuildPhase section */
		84E9A7502429FC5000003BF1 /* Resources */ = {
			isa = PBXResourcesBuildPhase;
			buildActionMask = 2147483647;
			files = (
				84E9A7622429FC5200003BF1 /* LaunchScreen.storyboard in Resources */,
				84E9A75F2429FC5200003BF1 /* Assets.xcassets in Resources */,
				84E9A75D2429FC5000003BF1 /* Main.storyboard in Resources */,
			);
			runOnlyForDeploymentPostprocessing = 0;
		};
		84E9A7662429FC5200003BF1 /* Resources */ = {
			isa = PBXResourcesBuildPhase;
			buildActionMask = 2147483647;
			files = (
			);
			runOnlyForDeploymentPostprocessing = 0;
		};
		84E9A7712429FC5200003BF1 /* Resources */ = {
			isa = PBXResourcesBuildPhase;
			buildActionMask = 2147483647;
			files = (
			);
			runOnlyForDeploymentPostprocessing = 0;
		};
/* End PBXResourcesBuildPhase section */

/* Begin PBXSourcesBuildPhase section */
		84E9A74E2429FC5000003BF1 /* Sources */ = {
			isa = PBXSourcesBuildPhase;
			buildActionMask = 2147483647;
			files = (
				846F346D242B42EE0071E35D /* AVFoundation+Extensions.swift in Sources */,
				846F3463242B207F0071E35D /* Album.swift in Sources */,
				84E9A78F242A038500003BF1 /* UIView+Extensions.swift in Sources */,
				844D15F7243B05230094175C /* GridView.swift in Sources */,
				84E9A794242A04BC00003BF1 /* InstagramImagePickerViewController.swift in Sources */,
				844D15F12439C1200094175C /* LibraryMediaManager.swift in Sources */,
				84E9A791242A040600003BF1 /* BottomNavigationMenu.swift in Sources */,
				846F3449242B088F0071E35D /* RootViewController.swift in Sources */,
				846F3452242B10250071E35D /* CameraViewController.swift in Sources */,
				84E9A796242A0AC400003BF1 /* PickerScreen.swift in Sources */,
				846F3469242B3FAB0071E35D /* PhotoCaptureManager.swift in Sources */,
				844D15FB243B0C5E0094175C /* LibraryViewCell.swift in Sources */,
				844D15E924328F5B0094175C /* VideoGenerator.swift in Sources */,
				84E9A7562429FC5000003BF1 /* AppDelegate.swift in Sources */,
				84E9A7582429FC5000003BF1 /* SceneDelegate.swift in Sources */,
				846F3473242C09150071E35D /* UIColor+Extensions.swift in Sources */,
				846F346F242B43380071E35D /* FlashMode+Extensions.swift in Sources */,
				844D15F3243AEBCE0094175C /* AssetZoomableView.swift in Sources */,
				846F3477242C167E0071E35D /* PermissionCheckable.swift in Sources */,
				846F345B242B1B140071E35D /* AlbumsViewController.swift in Sources */,
				844D15EB243291AB0094175C /* AVFileType+Extensions.swift in Sources */,
				846F3455242B103E0071E35D /* VideoViewController.swift in Sources */,
				84E9A78C242A01AD00003BF1 /* BottomNavigationView.swift in Sources */,
				844D1601243B1C450094175C /* PHCachingImageManager+Extensions.swift in Sources */,
				84E9A78A242A017300003BF1 /* BottomNavigation.swift in Sources */,
				84E9A7882429FE7300003BF1 /* InstagramImagePickerConfiguration.swift in Sources */,
				846F3450242B100B0071E35D /* LibraryViewController.swift in Sources */,
				846F3479242CAA4D0071E35D /* VideoCaptureManager.swift in Sources */,
				844D15F5243AEE4D0094175C /* Date+Extensions.swift in Sources */,
				844D1603243B1CAE0094175C /* VideoView.swift in Sources */,
				844D15FF243B142B0094175C /* LibrarySelection.swift in Sources */,
				844D15FD243B0D7C0094175C /* MultipleSelectionIndicator.swift in Sources */,
				846F3467242B37A20071E35D /* CameraView.swift in Sources */,
				846F345D242B1B5B0071E35D /* AlbumsView.swift in Sources */,
				846F3457242B13650071E35D /* UIButton+Extensions.swift in Sources */,
				844D1605243B2E290094175C /* MediaItem.swift in Sources */,
				844D15EF2439AAFC0094175C /* LIbraryViewController+PHPhotoLibraryChangeObserver.swift in Sources */,
				846F3465242B22DC0071E35D /* AlbumsManager.swift in Sources */,
				846F3445242A100F0071E35D /* MenuItem.swift in Sources */,
				844D15ED243990FF0094175C /* LibraryView.swift in Sources */,
				846F345F242B1EBC0071E35D /* AlbumCell.swift in Sources */,
				844D15F9243B08460094175C /* LibraryViewController+UICollectionView.swift in Sources */,
			);
			runOnlyForDeploymentPostprocessing = 0;
		};
		84E9A7642429FC5200003BF1 /* Sources */ = {
			isa = PBXSourcesBuildPhase;
			buildActionMask = 2147483647;
			files = (
				84E9A76D2429FC5200003BF1 /* InstagramImagePickerTests.swift in Sources */,
			);
			runOnlyForDeploymentPostprocessing = 0;
		};
		84E9A76F2429FC5200003BF1 /* Sources */ = {
			isa = PBXSourcesBuildPhase;
			buildActionMask = 2147483647;
			files = (
				84E9A7782429FC5200003BF1 /* InstagramImagePickerUITests.swift in Sources */,
			);
			runOnlyForDeploymentPostprocessing = 0;
		};
/* End PBXSourcesBuildPhase section */

/* Begin PBXTargetDependency section */
		84E9A76A2429FC5200003BF1 /* PBXTargetDependency */ = {
			isa = PBXTargetDependency;
			target = 84E9A7512429FC5000003BF1 /* InstagramImagePicker */;
			targetProxy = 84E9A7692429FC5200003BF1 /* PBXContainerItemProxy */;
		};
		84E9A7752429FC5200003BF1 /* PBXTargetDependency */ = {
			isa = PBXTargetDependency;
			target = 84E9A7512429FC5000003BF1 /* InstagramImagePicker */;
			targetProxy = 84E9A7742429FC5200003BF1 /* PBXContainerItemProxy */;
		};
/* End PBXTargetDependency section */

/* Begin PBXVariantGroup section */
		84E9A75B2429FC5000003BF1 /* Main.storyboard */ = {
			isa = PBXVariantGroup;
			children = (
				84E9A75C2429FC5000003BF1 /* Base */,
			);
			name = Main.storyboard;
			sourceTree = "<group>";
		};
		84E9A7602429FC5200003BF1 /* LaunchScreen.storyboard */ = {
			isa = PBXVariantGroup;
			children = (
				84E9A7612429FC5200003BF1 /* Base */,
			);
			name = LaunchScreen.storyboard;
			sourceTree = "<group>";
		};
/* End PBXVariantGroup section */

/* Begin XCBuildConfiguration section */
		84E9A77A2429FC5200003BF1 /* Debug */ = {
			isa = XCBuildConfiguration;
			buildSettings = {
				ALWAYS_SEARCH_USER_PATHS = NO;
				CLANG_ANALYZER_NONNULL = YES;
				CLANG_ANALYZER_NUMBER_OBJECT_CONVERSION = YES_AGGRESSIVE;
				CLANG_CXX_LANGUAGE_STANDARD = "gnu++14";
				CLANG_CXX_LIBRARY = "libc++";
				CLANG_ENABLE_MODULES = YES;
				CLANG_ENABLE_OBJC_ARC = YES;
				CLANG_ENABLE_OBJC_WEAK = YES;
				CLANG_WARN_BLOCK_CAPTURE_AUTORELEASING = YES;
				CLANG_WARN_BOOL_CONVERSION = YES;
				CLANG_WARN_COMMA = YES;
				CLANG_WARN_CONSTANT_CONVERSION = YES;
				CLANG_WARN_DEPRECATED_OBJC_IMPLEMENTATIONS = YES;
				CLANG_WARN_DIRECT_OBJC_ISA_USAGE = YES_ERROR;
				CLANG_WARN_DOCUMENTATION_COMMENTS = YES;
				CLANG_WARN_EMPTY_BODY = YES;
				CLANG_WARN_ENUM_CONVERSION = YES;
				CLANG_WARN_INFINITE_RECURSION = YES;
				CLANG_WARN_INT_CONVERSION = YES;
				CLANG_WARN_NON_LITERAL_NULL_CONVERSION = YES;
				CLANG_WARN_OBJC_IMPLICIT_RETAIN_SELF = YES;
				CLANG_WARN_OBJC_LITERAL_CONVERSION = YES;
				CLANG_WARN_OBJC_ROOT_CLASS = YES_ERROR;
				CLANG_WARN_RANGE_LOOP_ANALYSIS = YES;
				CLANG_WARN_STRICT_PROTOTYPES = YES;
				CLANG_WARN_SUSPICIOUS_MOVE = YES;
				CLANG_WARN_UNGUARDED_AVAILABILITY = YES_AGGRESSIVE;
				CLANG_WARN_UNREACHABLE_CODE = YES;
				CLANG_WARN__DUPLICATE_METHOD_MATCH = YES;
				COPY_PHASE_STRIP = NO;
				DEBUG_INFORMATION_FORMAT = dwarf;
				ENABLE_STRICT_OBJC_MSGSEND = YES;
				ENABLE_TESTABILITY = YES;
				GCC_C_LANGUAGE_STANDARD = gnu11;
				GCC_DYNAMIC_NO_PIC = NO;
				GCC_NO_COMMON_BLOCKS = YES;
				GCC_OPTIMIZATION_LEVEL = 0;
				GCC_PREPROCESSOR_DEFINITIONS = (
					"DEBUG=1",
					"$(inherited)",
				);
				GCC_WARN_64_TO_32_BIT_CONVERSION = YES;
				GCC_WARN_ABOUT_RETURN_TYPE = YES_ERROR;
				GCC_WARN_UNDECLARED_SELECTOR = YES;
				GCC_WARN_UNINITIALIZED_AUTOS = YES_AGGRESSIVE;
				GCC_WARN_UNUSED_FUNCTION = YES;
				GCC_WARN_UNUSED_VARIABLE = YES;
				IPHONEOS_DEPLOYMENT_TARGET = 13.2;
				MTL_ENABLE_DEBUG_INFO = INCLUDE_SOURCE;
				MTL_FAST_MATH = YES;
				ONLY_ACTIVE_ARCH = YES;
				SDKROOT = iphoneos;
				SWIFT_ACTIVE_COMPILATION_CONDITIONS = DEBUG;
				SWIFT_OPTIMIZATION_LEVEL = "-Onone";
			};
			name = Debug;
		};
		84E9A77B2429FC5200003BF1 /* Release */ = {
			isa = XCBuildConfiguration;
			buildSettings = {
				ALWAYS_SEARCH_USER_PATHS = NO;
				CLANG_ANALYZER_NONNULL = YES;
				CLANG_ANALYZER_NUMBER_OBJECT_CONVERSION = YES_AGGRESSIVE;
				CLANG_CXX_LANGUAGE_STANDARD = "gnu++14";
				CLANG_CXX_LIBRARY = "libc++";
				CLANG_ENABLE_MODULES = YES;
				CLANG_ENABLE_OBJC_ARC = YES;
				CLANG_ENABLE_OBJC_WEAK = YES;
				CLANG_WARN_BLOCK_CAPTURE_AUTORELEASING = YES;
				CLANG_WARN_BOOL_CONVERSION = YES;
				CLANG_WARN_COMMA = YES;
				CLANG_WARN_CONSTANT_CONVERSION = YES;
				CLANG_WARN_DEPRECATED_OBJC_IMPLEMENTATIONS = YES;
				CLANG_WARN_DIRECT_OBJC_ISA_USAGE = YES_ERROR;
				CLANG_WARN_DOCUMENTATION_COMMENTS = YES;
				CLANG_WARN_EMPTY_BODY = YES;
				CLANG_WARN_ENUM_CONVERSION = YES;
				CLANG_WARN_INFINITE_RECURSION = YES;
				CLANG_WARN_INT_CONVERSION = YES;
				CLANG_WARN_NON_LITERAL_NULL_CONVERSION = YES;
				CLANG_WARN_OBJC_IMPLICIT_RETAIN_SELF = YES;
				CLANG_WARN_OBJC_LITERAL_CONVERSION = YES;
				CLANG_WARN_OBJC_ROOT_CLASS = YES_ERROR;
				CLANG_WARN_RANGE_LOOP_ANALYSIS = YES;
				CLANG_WARN_STRICT_PROTOTYPES = YES;
				CLANG_WARN_SUSPICIOUS_MOVE = YES;
				CLANG_WARN_UNGUARDED_AVAILABILITY = YES_AGGRESSIVE;
				CLANG_WARN_UNREACHABLE_CODE = YES;
				CLANG_WARN__DUPLICATE_METHOD_MATCH = YES;
				COPY_PHASE_STRIP = NO;
				DEBUG_INFORMATION_FORMAT = "dwarf-with-dsym";
				ENABLE_NS_ASSERTIONS = NO;
				ENABLE_STRICT_OBJC_MSGSEND = YES;
				GCC_C_LANGUAGE_STANDARD = gnu11;
				GCC_NO_COMMON_BLOCKS = YES;
				GCC_WARN_64_TO_32_BIT_CONVERSION = YES;
				GCC_WARN_ABOUT_RETURN_TYPE = YES_ERROR;
				GCC_WARN_UNDECLARED_SELECTOR = YES;
				GCC_WARN_UNINITIALIZED_AUTOS = YES_AGGRESSIVE;
				GCC_WARN_UNUSED_FUNCTION = YES;
				GCC_WARN_UNUSED_VARIABLE = YES;
				IPHONEOS_DEPLOYMENT_TARGET = 13.2;
				MTL_ENABLE_DEBUG_INFO = NO;
				MTL_FAST_MATH = YES;
				SDKROOT = iphoneos;
				SWIFT_COMPILATION_MODE = wholemodule;
				SWIFT_OPTIMIZATION_LEVEL = "-O";
				VALIDATE_PRODUCT = YES;
			};
			name = Release;
		};
		84E9A77D2429FC5200003BF1 /* Debug */ = {
			isa = XCBuildConfiguration;
			buildSettings = {
				ASSETCATALOG_COMPILER_APPICON_NAME = AppIcon;
				CODE_SIGN_STYLE = Automatic;
				DEVELOPMENT_TEAM = L7FCKM78VQ;
				INFOPLIST_FILE = InstagramImagePicker/Info.plist;
				LD_RUNPATH_SEARCH_PATHS = (
					"$(inherited)",
					"@executable_path/Frameworks",
				);
				PRODUCT_BUNDLE_IDENTIFIER = jp.ac.osakac.cs.hisalab.InstagramImagePicker;
				PRODUCT_NAME = "$(TARGET_NAME)";
				SWIFT_VERSION = 5.0;
				TARGETED_DEVICE_FAMILY = 1;
			};
			name = Debug;
		};
		84E9A77E2429FC5200003BF1 /* Release */ = {
			isa = XCBuildConfiguration;
			buildSettings = {
				ASSETCATALOG_COMPILER_APPICON_NAME = AppIcon;
				CODE_SIGN_STYLE = Automatic;
				DEVELOPMENT_TEAM = L7FCKM78VQ;
				INFOPLIST_FILE = InstagramImagePicker/Info.plist;
				LD_RUNPATH_SEARCH_PATHS = (
					"$(inherited)",
					"@executable_path/Frameworks",
				);
				PRODUCT_BUNDLE_IDENTIFIER = jp.ac.osakac.cs.hisalab.InstagramImagePicker;
				PRODUCT_NAME = "$(TARGET_NAME)";
				SWIFT_VERSION = 5.0;
				TARGETED_DEVICE_FAMILY = 1;
			};
			name = Release;
		};
		84E9A7802429FC5200003BF1 /* Debug */ = {
			isa = XCBuildConfiguration;
			buildSettings = {
				ALWAYS_EMBED_SWIFT_STANDARD_LIBRARIES = YES;
				BUNDLE_LOADER = "$(TEST_HOST)";
				CODE_SIGN_STYLE = Automatic;
				DEVELOPMENT_TEAM = L7FCKM78VQ;
				INFOPLIST_FILE = InstagramImagePickerTests/Info.plist;
				IPHONEOS_DEPLOYMENT_TARGET = 13.2;
				LD_RUNPATH_SEARCH_PATHS = (
					"$(inherited)",
					"@executable_path/Frameworks",
					"@loader_path/Frameworks",
				);
				PRODUCT_BUNDLE_IDENTIFIER = jp.ac.osakac.cs.hisalab.InstagramImagePickerTests;
				PRODUCT_NAME = "$(TARGET_NAME)";
				SWIFT_VERSION = 5.0;
				TARGETED_DEVICE_FAMILY = "1,2";
				TEST_HOST = "$(BUILT_PRODUCTS_DIR)/InstagramImagePicker.app/InstagramImagePicker";
			};
			name = Debug;
		};
		84E9A7812429FC5200003BF1 /* Release */ = {
			isa = XCBuildConfiguration;
			buildSettings = {
				ALWAYS_EMBED_SWIFT_STANDARD_LIBRARIES = YES;
				BUNDLE_LOADER = "$(TEST_HOST)";
				CODE_SIGN_STYLE = Automatic;
				DEVELOPMENT_TEAM = L7FCKM78VQ;
				INFOPLIST_FILE = InstagramImagePickerTests/Info.plist;
				IPHONEOS_DEPLOYMENT_TARGET = 13.2;
				LD_RUNPATH_SEARCH_PATHS = (
					"$(inherited)",
					"@executable_path/Frameworks",
					"@loader_path/Frameworks",
				);
				PRODUCT_BUNDLE_IDENTIFIER = jp.ac.osakac.cs.hisalab.InstagramImagePickerTests;
				PRODUCT_NAME = "$(TARGET_NAME)";
				SWIFT_VERSION = 5.0;
				TARGETED_DEVICE_FAMILY = "1,2";
				TEST_HOST = "$(BUILT_PRODUCTS_DIR)/InstagramImagePicker.app/InstagramImagePicker";
			};
			name = Release;
		};
		84E9A7832429FC5200003BF1 /* Debug */ = {
			isa = XCBuildConfiguration;
			buildSettings = {
				ALWAYS_EMBED_SWIFT_STANDARD_LIBRARIES = YES;
				CODE_SIGN_STYLE = Automatic;
				DEVELOPMENT_TEAM = L7FCKM78VQ;
				INFOPLIST_FILE = InstagramImagePickerUITests/Info.plist;
				LD_RUNPATH_SEARCH_PATHS = (
					"$(inherited)",
					"@executable_path/Frameworks",
					"@loader_path/Frameworks",
				);
				PRODUCT_BUNDLE_IDENTIFIER = jp.ac.osakac.cs.hisalab.InstagramImagePickerUITests;
				PRODUCT_NAME = "$(TARGET_NAME)";
				SWIFT_VERSION = 5.0;
				TARGETED_DEVICE_FAMILY = "1,2";
				TEST_TARGET_NAME = InstagramImagePicker;
			};
			name = Debug;
		};
		84E9A7842429FC5200003BF1 /* Release */ = {
			isa = XCBuildConfiguration;
			buildSettings = {
				ALWAYS_EMBED_SWIFT_STANDARD_LIBRARIES = YES;
				CODE_SIGN_STYLE = Automatic;
				DEVELOPMENT_TEAM = L7FCKM78VQ;
				INFOPLIST_FILE = InstagramImagePickerUITests/Info.plist;
				LD_RUNPATH_SEARCH_PATHS = (
					"$(inherited)",
					"@executable_path/Frameworks",
					"@loader_path/Frameworks",
				);
				PRODUCT_BUNDLE_IDENTIFIER = jp.ac.osakac.cs.hisalab.InstagramImagePickerUITests;
				PRODUCT_NAME = "$(TARGET_NAME)";
				SWIFT_VERSION = 5.0;
				TARGETED_DEVICE_FAMILY = "1,2";
				TEST_TARGET_NAME = InstagramImagePicker;
			};
			name = Release;
		};
/* End XCBuildConfiguration section */

/* Begin XCConfigurationList section */
		84E9A74D2429FC5000003BF1 /* Build configuration list for PBXProject "InstagramImagePicker" */ = {
			isa = XCConfigurationList;
			buildConfigurations = (
				84E9A77A2429FC5200003BF1 /* Debug */,
				84E9A77B2429FC5200003BF1 /* Release */,
			);
			defaultConfigurationIsVisible = 0;
			defaultConfigurationName = Release;
		};
		84E9A77C2429FC5200003BF1 /* Build configuration list for PBXNativeTarget "InstagramImagePicker" */ = {
			isa = XCConfigurationList;
			buildConfigurations = (
				84E9A77D2429FC5200003BF1 /* Debug */,
				84E9A77E2429FC5200003BF1 /* Release */,
			);
			defaultConfigurationIsVisible = 0;
			defaultConfigurationName = Release;
		};
		84E9A77F2429FC5200003BF1 /* Build configuration list for PBXNativeTarget "InstagramImagePickerTests" */ = {
			isa = XCConfigurationList;
			buildConfigurations = (
				84E9A7802429FC5200003BF1 /* Debug */,
				84E9A7812429FC5200003BF1 /* Release */,
			);
			defaultConfigurationIsVisible = 0;
			defaultConfigurationName = Release;
		};
		84E9A7822429FC5200003BF1 /* Build configuration list for PBXNativeTarget "InstagramImagePickerUITests" */ = {
			isa = XCConfigurationList;
			buildConfigurations = (
				84E9A7832429FC5200003BF1 /* Debug */,
				84E9A7842429FC5200003BF1 /* Release */,
			);
			defaultConfigurationIsVisible = 0;
			defaultConfigurationName = Release;
		};
/* End XCConfigurationList section */
	};
	rootObject = 84E9A74A2429FC5000003BF1 /* Project object */;
}
